
Microsoft Visual Studio Solution File, Format Version 12.00
# Visual Studio Version 16
VisualStudioVersion = 16.0.29503.13
MinimumVisualStudioVersion = 10.0.40219.1
Project("{159641D6-6404-4A2A-AE62-294DE0FE8301}") = "ODS_NODUM", "ODS_NODUM.dtproj", "{B9AA8334-17A7-4ABE-A3FD-AB11F3BC1269}"
EndProject
Global
	GlobalSection(SolutionConfigurationPlatforms) = preSolution
		Development|Default = Development|Default
	EndGlobalSection
	GlobalSection(ProjectConfigurationPlatforms) = postSolution
		{B9AA8334-17A7-4ABE-A3FD-AB11F3BC1269}.Development|Default.ActiveCfg = Development
		{B9AA8334-17A7-4ABE-A3FD-AB11F3BC1269}.Development|Default.Build.0 = Development
	EndGlobalSection
	GlobalSection(SolutionProperties) = preSolution
		HideSolutionNode = FALSE
	EndGlobalSection
	GlobalSection(ExtensibilityGlobals) = postSolution
		SolutionGuid = {334CE862-F941-4D13-ABB7-222AD48FDF03}
	EndGlobalSection
EndGlobal
